
Microsoft Visual Studio Solution File, Format Version 12.00
# Visual Studio Version 16
VisualStudioVersion = 16.0.31515.178
MinimumVisualStudioVersion = 10.0.40219.1
Project("{FAE04EC0-301F-11D3-BF4B-00C04F79EFBC}") = "Tahaluf.BusTracking.API", "Tahaluf.BusTracking.API\Tahaluf.BusTracking.API.csproj", "{B3CC8FBB-0162-4F5F-B691-189C271AD125}"
EndProject
Project("{FAE04EC0-301F-11D3-BF4B-00C04F79EFBC}") = "Tahaluf.BusTracking.Core", "Tahaluf.BusTracking.Core\Tahaluf.BusTracking.Core.csproj", "{9C4FB0C5-E90E-4488-9EA8-BF76188E83B2}"
EndProject
Project("{FAE04EC0-301F-11D3-BF4B-00C04F79EFBC}") = "Tahaluf.BusTracking.Infra", "Tahaluf.BusTracking.Infra\Tahaluf.BusTracking.Infra.csproj", "{43C4C0C0-BFA9-47E4-8671-7C932FAB6981}"
EndProject
Global
	GlobalSection(SolutionConfigurationPlatforms) = preSolution
		Debug|Any CPU = Debug|Any CPU
		Release|Any CPU = Release|Any CPU
	EndGlobalSection
	GlobalSection(ProjectConfigurationPlatforms) = postSolution
		{B3CC8FBB-0162-4F5F-B691-189C271AD125}.Debug|Any CPU.ActiveCfg = Debug|Any CPU
		{B3CC8FBB-0162-4F5F-B691-189C271AD125}.Debug|Any CPU.Build.0 = Debug|Any CPU
		{B3CC8FBB-0162-4F5F-B691-189C271AD125}.Release|Any CPU.ActiveCfg = Release|Any CPU
		{B3CC8FBB-0162-4F5F-B691-189C271AD125}.Release|Any CPU.Build.0 = Release|Any CPU
		{9C4FB0C5-E90E-4488-9EA8-BF76188E83B2}.Debug|Any CPU.ActiveCfg = Debug|Any CPU
		{9C4FB0C5-E90E-4488-9EA8-BF76188E83B2}.Debug|Any CPU.Build.0 = Debug|Any CPU
		{9C4FB0C5-E90E-4488-9EA8-BF76188E83B2}.Release|Any CPU.ActiveCfg = Release|Any CPU
		{9C4FB0C5-E90E-4488-9EA8-BF76188E83B2}.Release|Any CPU.Build.0 = Release|Any CPU
		{43C4C0C0-BFA9-47E4-8671-7C932FAB6981}.Debug|Any CPU.ActiveCfg = Debug|Any CPU
		{43C4C0C0-BFA9-47E4-8671-7C932FAB6981}.Debug|Any CPU.Build.0 = Debug|Any CPU
		{43C4C0C0-BFA9-47E4-8671-7C932FAB6981}.Release|Any CPU.ActiveCfg = Release|Any CPU
		{43C4C0C0-BFA9-47E4-8671-7C932FAB6981}.Release|Any CPU.Build.0 = Release|Any CPU
	EndGlobalSection
	GlobalSection(SolutionProperties) = preSolution
		HideSolutionNode = FALSE
	EndGlobalSection
	GlobalSection(ExtensibilityGlobals) = postSolution
		SolutionGuid = {55A38440-68A9-4CE2-92E8-DCD6E37D174B}
	EndGlobalSection
EndGlobal
